// !$*UTF8*$!
{
	archiveVersion = 1;
	classes = {
	};
	objectVersion = 46;
	objects = {

/* Begin PBXGroup section */
		AB0DC37E1E9044C00020AA15 = {
			isa = PBXGroup;
			children = (
			);
			sourceTree = "<group>";
		};
/* End PBXGroup section */

/* Begin PBXProject section */
		AB0DC37F1E9044C00020AA15 /* Project object */ = {
			isa = PBXProject;
			attributes = {
				LastUpgradeCheck = 0820;
			};
			buildConfigurationList = AB0DC3821E9044C10020AA15 /* Build configuration list for PBXProject "MiniRetoJDGP" */;
			compatibilityVersion = "Xcode 3.2";
			developmentRegion = English;
			hasScannedForEncodings = 0;
			knownRegions = (
				en,
			);
			mainGroup = AB0DC37E1E9044C00020AA15;
			projectDirPath = "";
			projectRoot = "";
			targets = (
			);
		};
/* End PBXProject section */

/* Begin XCBuildConfiguration section */
		AB0DC3831E9044C10020AA15 /* Debug */ = {
			isa = XCBuildConfiguration;
			buildSettings = {
			};
			name = Debug;
		};
		AB0DC3841E9044C10020AA15 /* Release */ = {
			isa = XCBuildConfiguration;
			buildSettings = {
			};
			name = Release;
		};
/* End XCBuildConfiguration section */

/* Begin XCConfigurationList section */
		AB0DC3821E9044C10020AA15 /* Build configuration list for PBXProject "MiniRetoJDGP" */ = {
			isa = XCConfigurationList;
			buildConfigurations = (
				AB0DC3831E9044C10020AA15 /* Debug */,
				AB0DC3841E9044C10020AA15 /* Release */,
			);
			defaultConfigurationIsVisible = 0;
			defaultConfigurationName = Release;
		};
/* End XCConfigurationList section */
	};
	rootObject = AB0DC37F1E9044C00020AA15 /* Project object */;
}
